
Microsoft Visual Studio Solution File, Format Version 12.00
# Visual Studio Version 17
VisualStudioVersion = 17.5.33424.131
MinimumVisualStudioVersion = 10.0.40219.1
Project("{9A19103F-16F7-4668-BE54-9A1E7A4F7556}") = "UserManagement WithIdentity", "UserManagement WithIdentity.csproj", "{A22864FD-73ED-4135-96A4-FD10593673AE}"
EndProject
Global
	GlobalSection(SolutionConfigurationPlatforms) = preSolution
		Debug|Any CPU = Debug|Any CPU
		Release|Any CPU = Release|Any CPU
	EndGlobalSection
	GlobalSection(ProjectConfigurationPlatforms) = postSolution
		{A22864FD-73ED-4135-96A4-FD10593673AE}.Debug|Any CPU.ActiveCfg = Debug|Any CPU
		{A22864FD-73ED-4135-96A4-FD10593673AE}.Debug|Any CPU.Build.0 = Debug|Any CPU
		{A22864FD-73ED-4135-96A4-FD10593673AE}.Release|Any CPU.ActiveCfg = Release|Any CPU
		{A22864FD-73ED-4135-96A4-FD10593673AE}.Release|Any CPU.Build.0 = Release|Any CPU
	EndGlobalSection
	GlobalSection(SolutionProperties) = preSolution
		HideSolutionNode = FALSE
	EndGlobalSection
	GlobalSection(ExtensibilityGlobals) = postSolution
		SolutionGuid = {0B668CE8-EA26-4837-B6A4-4D1AECA8AFE2}
	EndGlobalSection
EndGlobal
